
Microsoft Visual Studio Solution File, Format Version 12.00
# Visual Studio Version 16
VisualStudioVersion = 16.0.30523.141
MinimumVisualStudioVersion = 10.0.40219.1
Project("{FAE04EC0-301F-11D3-BF4B-00C04F79EFBC}") = "Room Calculator October 2020", "Room Calculator October 2020\Room Calculator October 2020.csproj", "{8E1F1B10-ACDD-49E4-A8D0-F679DBDA3B25}"
EndProject
Global
	GlobalSection(SolutionConfigurationPlatforms) = preSolution
		Debug|Any CPU = Debug|Any CPU
		Release|Any CPU = Release|Any CPU
	EndGlobalSection
	GlobalSection(ProjectConfigurationPlatforms) = postSolution
		{8E1F1B10-ACDD-49E4-A8D0-F679DBDA3B25}.Debug|Any CPU.ActiveCfg = Debug|Any CPU
		{8E1F1B10-ACDD-49E4-A8D0-F679DBDA3B25}.Debug|Any CPU.Build.0 = Debug|Any CPU
		{8E1F1B10-ACDD-49E4-A8D0-F679DBDA3B25}.Release|Any CPU.ActiveCfg = Release|Any CPU
		{8E1F1B10-ACDD-49E4-A8D0-F679DBDA3B25}.Release|Any CPU.Build.0 = Release|Any CPU
	EndGlobalSection
	GlobalSection(SolutionProperties) = preSolution
		HideSolutionNode = FALSE
	EndGlobalSection
	GlobalSection(ExtensibilityGlobals) = postSolution
		SolutionGuid = {57734274-94B2-4B35-B0E3-F2EEAFEE79B3}
	EndGlobalSection
EndGlobal
